// !$*UTF8*$!
{
	archiveVersion = 1;
	classes = {
	};
	objectVersion = 77;
	objects = {

/* Begin PBXBuildFile section */
		03B712272B96C40C00C1F753 /* AVKit.framework in Frameworks */ = {isa = PBXBuildFile; fileRef = 03B712262B96C40C00C1F753 /* AVKit.framework */; };
		03C112BF2DB56BFF00AE6799 /* Sparkle in Frameworks */ = {isa = PBXBuildFile; productRef = 03C112BE2DB56BFF00AE6799 /* Sparkle */; };
/* End PBXBuildFile section */

/* Begin PBXContainerItemProxy section */
		FADEFEED000000000000000E /* PBXContainerItemProxy */ = {
			isa = PBXContainerItemProxy;
			containerPortal = 03EA68452B9630CF003348BE /* Project object */;
			proxyType = 1;
			remoteGlobalIDString = 03EA684C2B9630CF003348BE;
			remoteInfo = "Front Row";
		};
/* End PBXContainerItemProxy section */

/* Begin PBXFileReference section */
		031457A330329C99001B3B01 /* Front Row UI Tests.xctest */ = {isa = PBXFileReference; explicitFileType = wrapper.cfbundle; includeInIndex = 0; path = "Front Row UI Tests.xctest"; sourceTree = BUILT_PRODUCTS_DIR; };
		03B712262B96C40C00C1F753 /* AVKit.framework */ = {isa = PBXFileReference; lastKnownFileType = wrapper.framework; name = AVKit.framework; path = System/Library/Frameworks/AVKit.framework; sourceTree = SDKROOT; };
		03BACB2D2B96C8A800D24F07 /* FrontRowInfo.plist */ = {isa = PBXFileReference; lastKnownFileType = text.plist.xml; path = FrontRowInfo.plist; sourceTree = SOURCE_ROOT; };
		03EA684D2B9630CF003348BE /* Front Row.app */ = {isa = PBXFileReference; explicitFileType = wrapper.application; includeInIndex = 0; path = "Front Row.app"; sourceTree = BUILT_PRODUCTS_DIR; };
		FADEFEED0000000000000001 /* Front Row Tests.xctest */ = {isa = PBXFileReference; explicitFileType = wrapper.cfbundle; includeInIndex = 0; path = "Front Row Tests.xctest"; sourceTree = BUILT_PRODUCTS_DIR; };
/* End PBXFileReference section */

/* Begin PBXFileSystemSynchronizedRootGroup section */
		031457A430329C99001B3B01 /* Front Row UI Tests */ = {
			isa = PBXFileSystemSynchronizedRootGroup;
			path = "Front Row UI Tests";
			sourceTree = "<group>";
		};
		FADEFEED0000000000000030 /* Front Row */ = {
			isa = PBXFileSystemSynchronizedRootGroup;
			path = "Front Row";
			sourceTree = "<group>";
		};
		FADEFEED0000000000000031 /* Front Row Tests */ = {
			isa = PBXFileSystemSynchronizedRootGroup;
			path = "Front Row Tests";
			sourceTree = "<group>";
		};
/* End PBXFileSystemSynchronizedRootGroup section */

/* Begin PBXFrameworksBuildPhase section */
		031457A030329C99001B3B01 /* Frameworks */ = {
			isa = PBXFrameworksBuildPhase;
			buildActionMask = 2147483647;
			files = (
			);
			runOnlyForDeploymentPostprocessing = 0;
		};
		03EA684A2B9630CF003348BE /* Frameworks */ = {
			isa = PBXFrameworksBuildPhase;
			buildActionMask = 2147483647;
			files = (
				03B712272B96C40C00C1F753 /* AVKit.framework in Frameworks */,
				03C112BF2DB56BFF00AE6799 /* Sparkle in Frameworks */,
			);
			runOnlyForDeploymentPostprocessing = 0;
		};
		FADEFEED000000000000000B /* Frameworks */ = {
			isa = PBXFrameworksBuildPhase;
			buildActionMask = 2147483647;
			files = (
			);
			runOnlyForDeploymentPostprocessing = 0;
		};
/* End PBXFrameworksBuildPhase section */

/* Begin PBXGroup section */
		03B712252B96C40C00C1F753 /* Frameworks */ = {
			isa = PBXGroup;
			children = (
				03B712262B96C40C00C1F753 /* AVKit.framework */,
			);
			name = Frameworks;
			sourceTree = "<group>";
		};
		03EA68442B9630CF003348BE = {
			isa = PBXGroup;
			children = (
				03BACB2D2B96C8A800D24F07 /* FrontRowInfo.plist */,
				031457A430329C99001B3B01 /* Front Row UI Tests */,
				03B712252B96C40C00C1F753 /* Frameworks */,
				FADEFEED0000000000000030 /* Front Row */,
				FADEFEED0000000000000031 /* Front Row Tests */,
				03EA684E2B9630CF003348BE /* Products */,
			);
			sourceTree = "<group>";
		};
		03EA684E2B9630CF003348BE /* Products */ = {
			isa = PBXGroup;
			children = (
				03EA684D2B9630CF003348BE /* Front Row.app */,
				FADEFEED0000000000000001 /* Front Row Tests.xctest */,
				031457A330329C99001B3B01 /* Front Row UI Tests.xctest */,
			);
			name = Products;
			sourceTree = "<group>";
		};
/* End PBXGroup section */

/* Begin PBXNativeTarget section */
		031457A230329C99001B3B01 /* Front Row UI Tests */ = {
			isa = PBXNativeTarget;
			buildConfigurationList = 031457A730329C99001B3B01 /* Build configuration list for PBXNativeTarget "Front Row UI Tests" */;
			buildPhases = (
				0314579F30329C99001B3B01 /* Sources */,
				031457A030329C99001B3B01 /* Frameworks */,
				031457A130329C99001B3B01 /* Resources */,
			);
			buildRules = (
			);
			dependencies = (
			);
			fileSystemSynchronizedGroups = (
				031457A430329C99001B3B01 /* Front Row UI Tests */,
			);
			name = "Front Row UI Tests";
			packageProductDependencies = (
			);
			productName = "Front Row UI Tests";
			productReference = 031457A330329C99001B3B01 /* Front Row UI Tests.xctest */;
			productType = "com.apple.product-type.bundle.ui-testing";
		};
		03EA684C2B9630CF003348BE /* Front Row */ = {
			isa = PBXNativeTarget;
			buildConfigurationList = 03EA685C2B9630D0003348BE /* Build configuration list for PBXNativeTarget "Front Row" */;
			buildPhases = (
				0328BCEA2BA12090004B5AE0 /* ShellScript */,
				03EA68492B9630CF003348BE /* Sources */,
				03EA684A2B9630CF003348BE /* Frameworks */,
				03EA684B2B9630CF003348BE /* Resources */,
			);
			buildRules = (
			);
			dependencies = (
			);
			fileSystemSynchronizedGroups = (
				FADEFEED0000000000000030 /* Front Row */,
			);
			name = "Front Row";
			packageProductDependencies = (
				03C112BE2DB56BFF00AE6799 /* Sparkle */,
			);
			productName = "Front Row";
			productReference = 03EA684D2B9630CF003348BE /* Front Row.app */;
			productType = "com.apple.product-type.application";
		};
		FADEFEED0000000000000009 /* Front Row Tests */ = {
			isa = PBXNativeTarget;
			buildConfigurationList = FADEFEED0000000000000011 /* Build configuration list for PBXNativeTarget "Front Row Tests" */;
			buildPhases = (
				FADEFEED000000000000000A /* Sources */,
				FADEFEED000000000000000B /* Frameworks */,
				FADEFEED000000000000000C /* Resources */,
			);
			buildRules = (
			);
			dependencies = (
				FADEFEED000000000000000D /* PBXTargetDependency */,
			);
			fileSystemSynchronizedGroups = (
				FADEFEED0000000000000031 /* Front Row Tests */,
			);
			name = "Front Row Tests";
			productName = "Front Row Tests";
			productReference = FADEFEED0000000000000001 /* Front Row Tests.xctest */;
			productType = "com.apple.product-type.bundle.unit-test";
		};
/* End PBXNativeTarget section */

/* Begin PBXProject section */
		03EA68452B9630CF003348BE /* Project object */ = {
			isa = PBXProject;
			attributes = {
				BuildIndependentTargetsInParallel = 1;
				LastSwiftUpdateCheck = 2700;
				LastUpgradeCheck = 2630;
				TargetAttributes = {
					031457A230329C99001B3B01 = {
						CreatedOnToolsVersion = 27.0;
					};
					03EA684C2B9630CF003348BE = {
						CreatedOnToolsVersion = 15.2;
					};
					FADEFEED0000000000000009 = {
						CreatedOnToolsVersion = 26.3;
						TestTargetID = 03EA684C2B9630CF003348BE;
					};
				};
			};
			buildConfigurationList = 03EA68482B9630CF003348BE /* Build configuration list for PBXProject "Front Row" */;
			developmentRegion = en;
			hasScannedForEncodings = 0;
			knownRegions = (
				en,
				Base,
				ar,
				"zh-Hans",
				"zh-Hant",
				cs,
				da,
				nl,
				fi,
				fr,
				de,
				el,
				he,
				hu,
				it,
				ja,
				ko,
				pl,
				ro,
				ru,
				es,
				sv,
				tr,
				uk,
				vi,
			);
			mainGroup = 03EA68442B9630CF003348BE;
			minimizedProjectReferenceProxies = 1;
			packageReferences = (
				03C112BD2DB56BFF00AE6799 /* XCRemoteSwiftPackageReference "Sparkle" */,
			);
			preferredProjectObjectVersion = 77;
			productRefGroup = 03EA684E2B9630CF003348BE /* Products */;
			projectDirPath = "";
			projectRoot = "";
			targets = (
				03EA684C2B9630CF003348BE /* Front Row */,
				FADEFEED0000000000000009 /* Front Row Tests */,
				031457A230329C99001B3B01 /* Front Row UI Tests */,
			);
		};
/* End PBXProject section */

/* Begin PBXResourcesBuildPhase section */
		031457A130329C99001B3B01 /* Resources */ = {
			isa = PBXResourcesBuildPhase;
			buildActionMask = 2147483647;
			files = (
			);
			runOnlyForDeploymentPostprocessing = 0;
		};
		03EA684B2B9630CF003348BE /* Resources */ = {
			isa = PBXResourcesBuildPhase;
			buildActionMask = 2147483647;
			files = (
			);
			runOnlyForDeploymentPostprocessing = 0;
		};
		FADEFEED000000000000000C /* Resources */ = {
			isa = PBXResourcesBuildPhase;
			buildActionMask = 2147483647;
			files = (
			);
			runOnlyForDeploymentPostprocessing = 0;
		};
/* End PBXResourcesBuildPhase section */

/* Begin PBXShellScriptBuildPhase section */
		0328BCEA2BA12090004B5AE0 /* ShellScript */ = {
			isa = PBXShellScriptBuildPhase;
			alwaysOutOfDate = 1;
			buildActionMask = 2147483647;
			files = (
			);
			inputFileListPaths = (
			);
			inputPaths = (
			);
			outputFileListPaths = (
			);
			outputPaths = (
			);
			runOnlyForDeploymentPostprocessing = 0;
			shellPath = /bin/sh;
			shellScript = "export PATH=\"$PATH:/opt/homebrew/bin\"\nif which swift-format > /dev/null; then\n  swift-format lint -s -p -r ./\nelse\n  echo \"warning: swift-format not installed, download from https://github.com/apple/swift-format\"\nfi\n";
		};
/* End PBXShellScriptBuildPhase section */

/* Begin PBXSourcesBuildPhase section */
		0314579F30329C99001B3B01 /* Sources */ = {
			isa = PBXSourcesBuildPhase;
			buildActionMask = 2147483647;
			files = (
			);
			runOnlyForDeploymentPostprocessing = 0;
		};
		03EA68492B9630CF003348BE /* Sources */ = {
			isa = PBXSourcesBuildPhase;
			buildActionMask = 2147483647;
			files = (
			);
			runOnlyForDeploymentPostprocessing = 0;
		};
		FADEFEED000000000000000A /* Sources */ = {
			isa = PBXSourcesBuildPhase;
			buildActionMask = 2147483647;
			files = (
			);
			runOnlyForDeploymentPostprocessing = 0;
		};
/* End PBXSourcesBuildPhase section */

/* Begin PBXTargetDependency section */
		FADEFEED000000000000000D /* PBXTargetDependency */ = {
			isa = PBXTargetDependency;
			target = 03EA684C2B9630CF003348BE /* Front Row */;
			targetProxy = FADEFEED000000000000000E /* PBXContainerItemProxy */;
		};
/* End PBXTargetDependency section */

/* Begin XCBuildConfiguration section */
		031457A830329C99001B3B01 /* Debug */ = {
			isa = XCBuildConfiguration;
			buildSettings = {
				ALWAYS_SEARCH_USER_PATHS = NO;
				CODE_SIGN_STYLE = Automatic;
				ENABLE_USER_SCRIPT_SANDBOXING = YES;
				GENERATE_INFOPLIST_FILE = YES;
				MACOSX_DEPLOYMENT_TARGET = 15.6;
				PRODUCT_BUNDLE_IDENTIFIER = dev.joshuapark.FrontRowUITests;
				PRODUCT_NAME = "$(TARGET_NAME)";
				SDKROOT = macosx;
				STRING_CATALOG_GENERATE_SYMBOLS = NO;
				SUPPORTED_PLATFORMS = macosx;
				SWIFT_APPROACHABLE_CONCURRENCY = YES;
				SWIFT_EMIT_LOC_STRINGS = NO;
				SWIFT_UPCOMING_FEATURE_MEMBER_IMPORT_VISIBILITY = YES;
				SWIFT_VERSION = 6.0;
			};
			name = Debug;
		};
		031457A930329C99001B3B01 /* Release */ = {
			isa = XCBuildConfiguration;
			buildSettings = {
				ALWAYS_SEARCH_USER_PATHS = NO;
				CODE_SIGN_STYLE = Automatic;
				ENABLE_USER_SCRIPT_SANDBOXING = YES;
				GENERATE_INFOPLIST_FILE = YES;
				MACOSX_DEPLOYMENT_TARGET = 15.6;
				PRODUCT_BUNDLE_IDENTIFIER = dev.joshuapark.FrontRowUITests;
				PRODUCT_NAME = "$(TARGET_NAME)";
				SDKROOT = macosx;
				STRING_CATALOG_GENERATE_SYMBOLS = NO;
				SUPPORTED_PLATFORMS = macosx;
				SWIFT_APPROACHABLE_CONCURRENCY = YES;
				SWIFT_EMIT_LOC_STRINGS = NO;
				SWIFT_UPCOMING_FEATURE_MEMBER_IMPORT_VISIBILITY = YES;
				SWIFT_VERSION = 6.0;
			};
			name = Release;
		};
		03EA685A2B9630D0003348BE /* Debug */ = {
			isa = XCBuildConfiguration;
			buildSettings = {
				ARCHS = arm64;
				ASSETCATALOG_COMPILER_GENERATE_SWIFT_ASSET_SYMBOL_EXTENSIONS = YES;
				CLANG_ANALYZER_LOCALIZABILITY_NONLOCALIZED = YES;
				CLANG_ANALYZER_NONNULL = YES;
				CLANG_ANALYZER_NUMBER_OBJECT_CONVERSION = YES_AGGRESSIVE;
				CLANG_CXX_LANGUAGE_STANDARD = "gnu++20";
				CLANG_ENABLE_MODULES = YES;
				CLANG_ENABLE_OBJC_ARC = YES;
				CLANG_ENABLE_OBJC_WEAK = YES;
				CLANG_WARN_BLOCK_CAPTURE_AUTORELEASING = YES;
				CLANG_WARN_BOOL_CONVERSION = YES;
				CLANG_WARN_COMMA = YES;
				CLANG_WARN_CONSTANT_CONVERSION = YES;
				CLANG_WARN_DEPRECATED_OBJC_IMPLEMENTATIONS = YES;
				CLANG_WARN_DIRECT_OBJC_ISA_USAGE = YES_ERROR;
				CLANG_WARN_DOCUMENTATION_COMMENTS = YES;
				CLANG_WARN_EMPTY_BODY = YES;
				CLANG_WARN_ENUM_CONVERSION = YES;
				CLANG_WARN_INFINITE_RECURSION = YES;
				CLANG_WARN_INT_CONVERSION = YES;
				CLANG_WARN_NON_LITERAL_NULL_CONVERSION = YES;
				CLANG_WARN_OBJC_IMPLICIT_RETAIN_SELF = YES;
				CLANG_WARN_OBJC_LITERAL_CONVERSION = YES;
				CLANG_WARN_OBJC_ROOT_CLASS = YES_ERROR;
				CLANG_WARN_QUOTED_INCLUDE_IN_FRAMEWORK_HEADER = YES;
				CLANG_WARN_RANGE_LOOP_ANALYSIS = YES;
				CLANG_WARN_STRICT_PROTOTYPES = YES;
				CLANG_WARN_SUSPICIOUS_MOVE = YES;
				CLANG_WARN_UNGUARDED_AVAILABILITY = YES_AGGRESSIVE;
				CLANG_WARN_UNREACHABLE_CODE = YES;
				CLANG_WARN__DUPLICATE_METHOD_MATCH = YES;
				COPY_PHASE_STRIP = NO;
				CURRENT_PROJECT_VERSION = 271;
				DEAD_CODE_STRIPPING = YES;
				DEBUG_INFORMATION_FORMAT = dwarf;
				DEVELOPMENT_TEAM = TCQ6328PP6;
				ENABLE_STRICT_OBJC_MSGSEND = YES;
				ENABLE_TESTABILITY = YES;
				GCC_C_LANGUAGE_STANDARD = gnu17;
				GCC_DYNAMIC_NO_PIC = NO;
				GCC_NO_COMMON_BLOCKS = YES;
				GCC_OPTIMIZATION_LEVEL = 0;
				GCC_PREPROCESSOR_DEFINITIONS = (
					"DEBUG=1",
					"$(inherited)",
				);
				GCC_WARN_64_TO_32_BIT_CONVERSION = YES;
				GCC_WARN_ABOUT_RETURN_TYPE = YES_ERROR;
				GCC_WARN_UNDECLARED_SELECTOR = YES;
				GCC_WARN_UNINITIALIZED_AUTOS = YES_AGGRESSIVE;
				GCC_WARN_UNUSED_FUNCTION = YES;
				GCC_WARN_UNUSED_VARIABLE = YES;
				LOCALIZATION_PREFERS_STRING_CATALOGS = YES;
				MACOSX_DEPLOYMENT_TARGET = 15.6;
				MARKETING_VERSION = 3.0.1;
				MTL_ENABLE_DEBUG_INFO = INCLUDE_SOURCE;
				MTL_FAST_MATH = YES;
				ONLY_ACTIVE_ARCH = YES;
				SDKROOT = macosx;
				STRING_CATALOG_GENERATE_SYMBOLS = YES;
				SWIFT_ACTIVE_COMPILATION_CONDITIONS = "DEBUG $(inherited)";
				SWIFT_OPTIMIZATION_LEVEL = "-Onone";
				SWIFT_VERSION = 6.0;
			};
			name = Debug;
		};
		03EA685B2B9630D0003348BE /* Release */ = {
			isa = XCBuildConfiguration;
			buildSettings = {
				ARCHS = arm64;
				ASSETCATALOG_COMPILER_GENERATE_SWIFT_ASSET_SYMBOL_EXTENSIONS = YES;
				CLANG_ANALYZER_LOCALIZABILITY_NONLOCALIZED = YES;
				CLANG_ANALYZER_NONNULL = YES;
				CLANG_ANALYZER_NUMBER_OBJECT_CONVERSION = YES_AGGRESSIVE;
				CLANG_CXX_LANGUAGE_STANDARD = "gnu++20";
				CLANG_ENABLE_MODULES = YES;
				CLANG_ENABLE_OBJC_ARC = YES;
				CLANG_ENABLE_OBJC_WEAK = YES;
				CLANG_WARN_BLOCK_CAPTURE_AUTORELEASING = YES;
				CLANG_WARN_BOOL_CONVERSION = YES;
				CLANG_WARN_COMMA = YES;
				CLANG_WARN_CONSTANT_CONVERSION = YES;
				CLANG_WARN_DEPRECATED_OBJC_IMPLEMENTATIONS = YES;
				CLANG_WARN_DIRECT_OBJC_ISA_USAGE = YES_ERROR;
				CLANG_WARN_DOCUMENTATION_COMMENTS = YES;
				CLANG_WARN_EMPTY_BODY = YES;
				CLANG_WARN_ENUM_CONVERSION = YES;
				CLANG_WARN_INFINITE_RECURSION = YES;
				CLANG_WARN_INT_CONVERSION = YES;
				CLANG_WARN_NON_LITERAL_NULL_CONVERSION = YES;
				CLANG_WARN_OBJC_IMPLICIT_RETAIN_SELF = YES;
				CLANG_WARN_OBJC_LITERAL_CONVERSION = YES;
				CLANG_WARN_OBJC_ROOT_CLASS = YES_ERROR;
				CLANG_WARN_QUOTED_INCLUDE_IN_FRAMEWORK_HEADER = YES;
				CLANG_WARN_RANGE_LOOP_ANALYSIS = YES;
				CLANG_WARN_STRICT_PROTOTYPES = YES;
				CLANG_WARN_SUSPICIOUS_MOVE = YES;
				CLANG_WARN_UNGUARDED_AVAILABILITY = YES_AGGRESSIVE;
				CLANG_WARN_UNREACHABLE_CODE = YES;
				CLANG_WARN__DUPLICATE_METHOD_MATCH = YES;
				COPY_PHASE_STRIP = NO;
				CURRENT_PROJECT_VERSION = 271;
				DEAD_CODE_STRIPPING = YES;
				DEBUG_INFORMATION_FORMAT = "dwarf-with-dsym";
				DEVELOPMENT_TEAM = TCQ6328PP6;
				ENABLE_NS_ASSERTIONS = NO;
				ENABLE_STRICT_OBJC_MSGSEND = YES;
				GCC_C_LANGUAGE_STANDARD = gnu17;
				GCC_NO_COMMON_BLOCKS = YES;
				GCC_WARN_64_TO_32_BIT_CONVERSION = YES;
				GCC_WARN_ABOUT_RETURN_TYPE = YES_ERROR;
				GCC_WARN_UNDECLARED_SELECTOR = YES;
				GCC_WARN_UNINITIALIZED_AUTOS = YES_AGGRESSIVE;
				GCC_WARN_UNUSED_FUNCTION = YES;
				GCC_WARN_UNUSED_VARIABLE = YES;
				LOCALIZATION_PREFERS_STRING_CATALOGS = YES;
				MACOSX_DEPLOYMENT_TARGET = 15.6;
				MARKETING_VERSION = 3.0.1;
				MTL_ENABLE_DEBUG_INFO = NO;
				MTL_FAST_MATH = YES;
				SDKROOT = macosx;
				STRING_CATALOG_GENERATE_SYMBOLS = YES;
				SWIFT_COMPILATION_MODE = wholemodule;
				SWIFT_VERSION = 6.0;
			};
			name = Release;
		};
		03EA685D2B9630D0003348BE /* Debug */ = {
			isa = XCBuildConfiguration;
			buildSettings = {
				ASSETCATALOG_COMPILER_APPICON_NAME = AppIcon;
				CODE_SIGN_ENTITLEMENTS = "Front Row/FrontRow.entitlements";
				CODE_SIGN_STYLE = Automatic;
				COMBINE_HIDPI_IMAGES = YES;
				ENABLE_APP_SANDBOX = NO;
				ENABLE_HARDENED_RUNTIME = YES;
				ENABLE_OUTGOING_NETWORK_CONNECTIONS = YES;
				ENABLE_PREVIEWS = YES;
				ENABLE_USER_SELECTED_FILES = readonly;
				GENERATE_INFOPLIST_FILE = YES;
				INFOPLIST_FILE = FrontRowInfo.plist;
				INFOPLIST_KEY_LSApplicationCategoryType = "public.app-category.video";
				INFOPLIST_KEY_NSHumanReadableCopyright = "By Joshua Park";
				LD_RUNPATH_SEARCH_PATHS = (
					"$(inherited)",
					"@executable_path/../Frameworks",
				);
				PRODUCT_BUNDLE_IDENTIFIER = dev.joshuapark.FrontRow;
				PRODUCT_NAME = "$(TARGET_NAME)";
				SWIFT_EMIT_LOC_STRINGS = YES;
			};
			name = Debug;
		};
		03EA685E2B9630D0003348BE /* Release */ = {
			isa = XCBuildConfiguration;
			buildSettings = {
				ASSETCATALOG_COMPILER_APPICON_NAME = AppIcon;
				CODE_SIGN_ENTITLEMENTS = "Front Row/FrontRow.entitlements";
				CODE_SIGN_STYLE = Automatic;
				COMBINE_HIDPI_IMAGES = YES;
				ENABLE_APP_SANDBOX = NO;
				ENABLE_HARDENED_RUNTIME = YES;
				ENABLE_OUTGOING_NETWORK_CONNECTIONS = YES;
				ENABLE_PREVIEWS = YES;
				ENABLE_USER_SELECTED_FILES = readonly;
				GENERATE_INFOPLIST_FILE = YES;
				INFOPLIST_FILE = FrontRowInfo.plist;
				INFOPLIST_KEY_LSApplicationCategoryType = "public.app-category.video";
				INFOPLIST_KEY_NSHumanReadableCopyright = "By Joshua Park";
				LD_RUNPATH_SEARCH_PATHS = (
					"$(inherited)",
					"@executable_path/../Frameworks",
				);
				PRODUCT_BUNDLE_IDENTIFIER = dev.joshuapark.FrontRow;
				PRODUCT_NAME = "$(TARGET_NAME)";
				SWIFT_EMIT_LOC_STRINGS = YES;
			};
			name = Release;
		};
		FADEFEED000000000000000F /* Debug */ = {
			isa = XCBuildConfiguration;
			buildSettings = {
				BUNDLE_LOADER = "$(TEST_HOST)";
				CODE_SIGN_STYLE = Automatic;
				DEVELOPMENT_TEAM = TCQ6328PP6;
				GENERATE_INFOPLIST_FILE = YES;
				MACOSX_DEPLOYMENT_TARGET = 15.6;
				PRODUCT_BUNDLE_IDENTIFIER = dev.joshuapark.FrontRowTests;
				PRODUCT_NAME = "$(TARGET_NAME)";
				SWIFT_EMIT_LOC_STRINGS = NO;
				SWIFT_VERSION = 6.0;
				TEST_HOST = "$(BUILT_PRODUCTS_DIR)/Front Row.app/Contents/MacOS/Front Row";
			};
			name = Debug;
		};
		FADEFEED0000000000000010 /* Release */ = {
			isa = XCBuildConfiguration;
			buildSettings = {
				BUNDLE_LOADER = "$(TEST_HOST)";
				CODE_SIGN_STYLE = Automatic;
				DEVELOPMENT_TEAM = TCQ6328PP6;
				GENERATE_INFOPLIST_FILE = YES;
				MACOSX_DEPLOYMENT_TARGET = 15.6;
				PRODUCT_BUNDLE_IDENTIFIER = dev.joshuapark.FrontRowTests;
				PRODUCT_NAME = "$(TARGET_NAME)";
				SWIFT_EMIT_LOC_STRINGS = NO;
				SWIFT_VERSION = 6.0;
				TEST_HOST = "$(BUILT_PRODUCTS_DIR)/Front Row.app/Contents/MacOS/Front Row";
			};
			name = Release;
		};
/* End XCBuildConfiguration section */

/* Begin XCConfigurationList section */
		031457A730329C99001B3B01 /* Build configuration list for PBXNativeTarget "Front Row UI Tests" */ = {
			isa = XCConfigurationList;
			buildConfigurations = (
				031457A830329C99001B3B01 /* Debug */,
				031457A930329C99001B3B01 /* Release */,
			);
			defaultConfigurationIsVisible = 0;
			defaultConfigurationName = Release;
		};
		03EA68482B9630CF003348BE /* Build configuration list for PBXProject "Front Row" */ = {
			isa = XCConfigurationList;
			buildConfigurations = (
				03EA685A2B9630D0003348BE /* Debug */,
				03EA685B2B9630D0003348BE /* Release */,
			);
			defaultConfigurationIsVisible = 0;
			defaultConfigurationName = Release;
		};
		03EA685C2B9630D0003348BE /* Build configuration list for PBXNativeTarget "Front Row" */ = {
			isa = XCConfigurationList;
			buildConfigurations = (
				03EA685D2B9630D0003348BE /* Debug */,
				03EA685E2B9630D0003348BE /* Release */,
			);
			defaultConfigurationIsVisible = 0;
			defaultConfigurationName = Release;
		};
		FADEFEED0000000000000011 /* Build configuration list for PBXNativeTarget "Front Row Tests" */ = {
			isa = XCConfigurationList;
			buildConfigurations = (
				FADEFEED000000000000000F /* Debug */,
				FADEFEED0000000000000010 /* Release */,
			);
			defaultConfigurationIsVisible = 0;
			defaultConfigurationName = Release;
		};
/* End XCConfigurationList section */

/* Begin XCRemoteSwiftPackageReference section */
		03C112BD2DB56BFF00AE6799 /* XCRemoteSwiftPackageReference "Sparkle" */ = {
			isa = XCRemoteSwiftPackageReference;
			repositoryURL = "https://github.com/sparkle-project/Sparkle";
			requirement = {
				kind = upToNextMajorVersion;
				minimumVersion = 2.9.5;
			};
		};
/* End XCRemoteSwiftPackageReference section */

/* Begin XCSwiftPackageProductDependency section */
		03C112BE2DB56BFF00AE6799 /* Sparkle */ = {
			isa = XCSwiftPackageProductDependency;
			package = 03C112BD2DB56BFF00AE6799 /* XCRemoteSwiftPackageReference "Sparkle" */;
			productName = Sparkle;
		};
/* End XCSwiftPackageProductDependency section */
	};
	rootObject = 03EA68452B9630CF003348BE /* Project object */;
}
