// !$*UTF8*$!
{
	archiveVersion = 1;
	classes = {
	};
	objectVersion = 56;
	objects = {

/* Begin PBXBuildFile section */
		032BBB1E2B9FF671003D2FA8 /* WindowController.swift in Sources */ = {isa = PBXBuildFile; fileRef = 032BBB1D2B9FF671003D2FA8 /* WindowController.swift */; };
		032EAF5D2DE9132600D31519 /* NowPlayable+RemoteCommands.swift in Sources */ = {isa = PBXBuildFile; fileRef = 032EAF5C2DE9132600D31519 /* NowPlayable+RemoteCommands.swift */; };
		033D450A2BB37FCA001AEBAA /* SeekSliderView.swift in Sources */ = {isa = PBXBuildFile; fileRef = 033D45092BB37FCA001AEBAA /* SeekSliderView.swift */; };
		03407ADD2BA90F1100FB4323 /* WindowCommands.swift in Sources */ = {isa = PBXBuildFile; fileRef = 03407ADC2BA90F1100FB4323 /* WindowCommands.swift */; };
		0355CA552BA790E5001AF5EA /* Localizable.xcstrings in Resources */ = {isa = PBXBuildFile; fileRef = 0355CA542BA790E5001AF5EA /* Localizable.xcstrings */; };
		0386A11F300C28060058EB77 /* AppIcon.icon in Resources */ = {isa = PBXBuildFile; fileRef = 0386A11E300C28060058EB77 /* AppIcon.icon */; };
		03B2590E2BB242620071FF7C /* PlayerView.swift in Sources */ = {isa = PBXBuildFile; fileRef = 03B2590D2BB242620071FF7C /* PlayerView.swift */; };
		03B259102BB249310071FF7C /* PlayerControlsView.swift in Sources */ = {isa = PBXBuildFile; fileRef = 03B2590F2BB249310071FF7C /* PlayerControlsView.swift */; };
		03B712272B96C40C00C1F753 /* AVKit.framework in Frameworks */ = {isa = PBXBuildFile; fileRef = 03B712262B96C40C00C1F753 /* AVKit.framework */; };
		03C112BF2DB56BFF00AE6799 /* Sparkle in Frameworks */ = {isa = PBXBuildFile; productRef = 03C112BE2DB56BFF00AE6799 /* Sparkle */; };
		03D77E952B9AA13700276A45 /* HelpCommands.swift in Sources */ = {isa = PBXBuildFile; fileRef = 03D77E942B9AA13700276A45 /* HelpCommands.swift */; };
		03DEE9E32DE54F93002E05B9 /* NowPlayable.swift in Sources */ = {isa = PBXBuildFile; fileRef = 03DEE9E22DE54F90002E05B9 /* NowPlayable.swift */; };
		03DEE9E62DE5600F002E05B9 /* KeyDownListener.swift in Sources */ = {isa = PBXBuildFile; fileRef = 03DEE9E52DE5600B002E05B9 /* KeyDownListener.swift */; };
		03E78C582BA7D2D40063BF06 /* OpenURLView.swift in Sources */ = {isa = PBXBuildFile; fileRef = 03E78C572BA7D2D40063BF06 /* OpenURLView.swift */; };
		03E8F3DD2B9F7B350008CE49 /* AppCommands.swift in Sources */ = {isa = PBXBuildFile; fileRef = 03E8F3DC2B9F7B350008CE49 /* AppCommands.swift */; };
		03EA68512B9630CF003348BE /* FrontRowApp.swift in Sources */ = {isa = PBXBuildFile; fileRef = 03EA68502B9630CF003348BE /* FrontRowApp.swift */; };
		03EA68532B9630CF003348BE /* ContentView.swift in Sources */ = {isa = PBXBuildFile; fileRef = 03EA68522B9630CF003348BE /* ContentView.swift */; };
		03EA68612B96523B003348BE /* FileCommands.swift in Sources */ = {isa = PBXBuildFile; fileRef = 03EA68602B96523B003348BE /* FileCommands.swift */; };
		03EA68642B965322003348BE /* PlaybackCommands.swift in Sources */ = {isa = PBXBuildFile; fileRef = 03EA68632B965322003348BE /* PlaybackCommands.swift */; };
		03EA68672B9654A0003348BE /* PlayEngine.swift in Sources */ = {isa = PBXBuildFile; fileRef = 03EA68662B9654A0003348BE /* PlayEngine.swift */; };
		03EA686E2B968D92003348BE /* Extensions.swift in Sources */ = {isa = PBXBuildFile; fileRef = 03EA686D2B968D92003348BE /* Extensions.swift */; };
		03EA68702B96BAD1003348BE /* ViewCommands.swift in Sources */ = {isa = PBXBuildFile; fileRef = 03EA686F2B96BAD1003348BE /* ViewCommands.swift */; };
		03EE7B0C2BA9F396009F68C5 /* GoToTimeView.swift in Sources */ = {isa = PBXBuildFile; fileRef = 03EE7B0B2BA9F396009F68C5 /* GoToTimeView.swift */; };
		03EE7B0E2BAA5176009F68C5 /* PresentedViewManager.swift in Sources */ = {isa = PBXBuildFile; fileRef = 03EE7B0D2BAA5176009F68C5 /* PresentedViewManager.swift */; };
		FADE00000000000000000002 /* RecentDocumentsStore.swift in Sources */ = {isa = PBXBuildFile; fileRef = FADE00000000000000000001 /* RecentDocumentsStore.swift */; };
		FADE00000000000000000004 /* FileOpening.swift in Sources */ = {isa = PBXBuildFile; fileRef = FADE00000000000000000003 /* FileOpening.swift */; };
		FADE00000000000000000006 /* WelcomeWindowCoordinator.swift in Sources */ = {isa = PBXBuildFile; fileRef = FADE00000000000000000005 /* WelcomeWindowCoordinator.swift */; };
		FADE00000000000000000008 /* WelcomeView.swift in Sources */ = {isa = PBXBuildFile; fileRef = FADE00000000000000000007 /* WelcomeView.swift */; };
		FADE0000000000000000001B /* ResumePolicy.swift in Sources */ = {isa = PBXBuildFile; fileRef = FADE0000000000000000001A /* ResumePolicy.swift */; };
		FADE00000000000000000021 /* ResumePolicyTests.swift in Sources */ = {isa = PBXBuildFile; fileRef = FADE00000000000000000031 /* ResumePolicyTests.swift */; };
		FADE00000000000000000023 /* RecentDocumentsStoreTests.swift in Sources */ = {isa = PBXBuildFile; fileRef = FADE00000000000000000033 /* RecentDocumentsStoreTests.swift */; };
		FADE00000000000000000024 /* TestDefaults.swift in Sources */ = {isa = PBXBuildFile; fileRef = FADE00000000000000000034 /* TestDefaults.swift */; };
		FADE00000000000000000300 /* BookmarkCanaryTests.swift in Sources */ = {isa = PBXBuildFile; fileRef = FADE00000000000000000200 /* BookmarkCanaryTests.swift */; };
		FADE00000000000000000301 /* RecentDocument.swift in Sources */ = {isa = PBXBuildFile; fileRef = FADE00000000000000000201 /* RecentDocument.swift */; };
		FADE00000000000000000302 /* PreparedDocument.swift in Sources */ = {isa = PBXBuildFile; fileRef = FADE00000000000000000202 /* PreparedDocument.swift */; };
		FADE00000000000000000303 /* ScopedAccess.swift in Sources */ = {isa = PBXBuildFile; fileRef = FADE00000000000000000203 /* ScopedAccess.swift */; };
		FADE00000000000000000304 /* BookmarkProviding.swift in Sources */ = {isa = PBXBuildFile; fileRef = FADE00000000000000000204 /* BookmarkProviding.swift */; };
		FADE00000000000000000305 /* SecurityScopedBookmarkProvider.swift in Sources */ = {isa = PBXBuildFile; fileRef = FADE00000000000000000205 /* SecurityScopedBookmarkProvider.swift */; };
		FADE00000000000000000306 /* FakeBookmarkProvider.swift in Sources */ = {isa = PBXBuildFile; fileRef = FADE00000000000000000206 /* FakeBookmarkProvider.swift */; };
		FADE00000000000000000307 /* ScopedAccessTests.swift in Sources */ = {isa = PBXBuildFile; fileRef = FADE00000000000000000207 /* ScopedAccessTests.swift */; };
/* End PBXBuildFile section */

/* Begin PBXContainerItemProxy section */
		FADE00000000000000000081 /* PBXContainerItemProxy */ = {
			isa = PBXContainerItemProxy;
			containerPortal = 03EA68452B9630CF003348BE /* Project object */;
			proxyType = 1;
			remoteGlobalIDString = 03EA684C2B9630CF003348BE;
			remoteInfo = "Front Row";
		};
/* End PBXContainerItemProxy section */

/* Begin PBXFileReference section */
		032BBB1D2B9FF671003D2FA8 /* WindowController.swift */ = {isa = PBXFileReference; lastKnownFileType = sourcecode.swift; path = WindowController.swift; sourceTree = "<group>"; };
		032EAF5C2DE9132600D31519 /* NowPlayable+RemoteCommands.swift */ = {isa = PBXFileReference; lastKnownFileType = sourcecode.swift; path = "NowPlayable+RemoteCommands.swift"; sourceTree = "<group>"; };
		033D45092BB37FCA001AEBAA /* SeekSliderView.swift */ = {isa = PBXFileReference; lastKnownFileType = sourcecode.swift; path = SeekSliderView.swift; sourceTree = "<group>"; };
		03407ADC2BA90F1100FB4323 /* WindowCommands.swift */ = {isa = PBXFileReference; lastKnownFileType = sourcecode.swift; path = WindowCommands.swift; sourceTree = "<group>"; };
		0355CA542BA790E5001AF5EA /* Localizable.xcstrings */ = {isa = PBXFileReference; lastKnownFileType = text.json.xcstrings; path = Localizable.xcstrings; sourceTree = "<group>"; };
		0386A11E300C28060058EB77 /* AppIcon.icon */ = {isa = PBXFileReference; lastKnownFileType = folder.iconcomposer.icon; path = AppIcon.icon; sourceTree = "<group>"; };
		03B2590D2BB242620071FF7C /* PlayerView.swift */ = {isa = PBXFileReference; lastKnownFileType = sourcecode.swift; path = PlayerView.swift; sourceTree = "<group>"; };
		03B2590F2BB249310071FF7C /* PlayerControlsView.swift */ = {isa = PBXFileReference; lastKnownFileType = sourcecode.swift; path = PlayerControlsView.swift; sourceTree = "<group>"; };
		03B712262B96C40C00C1F753 /* AVKit.framework */ = {isa = PBXFileReference; lastKnownFileType = wrapper.framework; name = AVKit.framework; path = System/Library/Frameworks/AVKit.framework; sourceTree = SDKROOT; };
		03BACB2D2B96C8A800D24F07 /* FrontRowInfo.plist */ = {isa = PBXFileReference; lastKnownFileType = text.plist.xml; path = FrontRowInfo.plist; sourceTree = SOURCE_ROOT; };
		03D77E942B9AA13700276A45 /* HelpCommands.swift */ = {isa = PBXFileReference; lastKnownFileType = sourcecode.swift; path = HelpCommands.swift; sourceTree = "<group>"; };
		03DEE9E22DE54F90002E05B9 /* NowPlayable.swift */ = {isa = PBXFileReference; lastKnownFileType = sourcecode.swift; path = NowPlayable.swift; sourceTree = "<group>"; };
		03DEE9E52DE5600B002E05B9 /* KeyDownListener.swift */ = {isa = PBXFileReference; lastKnownFileType = sourcecode.swift; path = KeyDownListener.swift; sourceTree = "<group>"; };
		03E78C572BA7D2D40063BF06 /* OpenURLView.swift */ = {isa = PBXFileReference; lastKnownFileType = sourcecode.swift; path = OpenURLView.swift; sourceTree = "<group>"; };
		03E8F3DC2B9F7B350008CE49 /* AppCommands.swift */ = {isa = PBXFileReference; lastKnownFileType = sourcecode.swift; path = AppCommands.swift; sourceTree = "<group>"; };
		03EA684D2B9630CF003348BE /* Front Row.app */ = {isa = PBXFileReference; explicitFileType = wrapper.application; includeInIndex = 0; path = "Front Row.app"; sourceTree = BUILT_PRODUCTS_DIR; };
		03EA68502B9630CF003348BE /* FrontRowApp.swift */ = {isa = PBXFileReference; lastKnownFileType = sourcecode.swift; path = FrontRowApp.swift; sourceTree = "<group>"; };
		03EA68522B9630CF003348BE /* ContentView.swift */ = {isa = PBXFileReference; lastKnownFileType = sourcecode.swift; path = ContentView.swift; sourceTree = "<group>"; };
		03EA68602B96523B003348BE /* FileCommands.swift */ = {isa = PBXFileReference; lastKnownFileType = sourcecode.swift; path = FileCommands.swift; sourceTree = "<group>"; };
		03EA68632B965322003348BE /* PlaybackCommands.swift */ = {isa = PBXFileReference; lastKnownFileType = sourcecode.swift; path = PlaybackCommands.swift; sourceTree = "<group>"; };
		03EA68662B9654A0003348BE /* PlayEngine.swift */ = {isa = PBXFileReference; lastKnownFileType = sourcecode.swift; path = PlayEngine.swift; sourceTree = "<group>"; };
		03EA686D2B968D92003348BE /* Extensions.swift */ = {isa = PBXFileReference; lastKnownFileType = sourcecode.swift; path = Extensions.swift; sourceTree = "<group>"; };
		03EA686F2B96BAD1003348BE /* ViewCommands.swift */ = {isa = PBXFileReference; lastKnownFileType = sourcecode.swift; path = ViewCommands.swift; sourceTree = "<group>"; };
		03EE7B0B2BA9F396009F68C5 /* GoToTimeView.swift */ = {isa = PBXFileReference; lastKnownFileType = sourcecode.swift; path = GoToTimeView.swift; sourceTree = "<group>"; };
		03EE7B0D2BAA5176009F68C5 /* PresentedViewManager.swift */ = {isa = PBXFileReference; lastKnownFileType = sourcecode.swift; path = PresentedViewManager.swift; sourceTree = "<group>"; };
		FADE00000000000000000001 /* RecentDocumentsStore.swift */ = {isa = PBXFileReference; lastKnownFileType = sourcecode.swift; path = RecentDocumentsStore.swift; sourceTree = "<group>"; };
		FADE00000000000000000003 /* FileOpening.swift */ = {isa = PBXFileReference; lastKnownFileType = sourcecode.swift; path = FileOpening.swift; sourceTree = "<group>"; };
		FADE00000000000000000005 /* WelcomeWindowCoordinator.swift */ = {isa = PBXFileReference; lastKnownFileType = sourcecode.swift; path = WelcomeWindowCoordinator.swift; sourceTree = "<group>"; };
		FADE00000000000000000007 /* WelcomeView.swift */ = {isa = PBXFileReference; lastKnownFileType = sourcecode.swift; path = WelcomeView.swift; sourceTree = "<group>"; };
		FADE0000000000000000000B /* FrontRow.entitlements */ = {isa = PBXFileReference; lastKnownFileType = text.plist.entitlements; path = FrontRow.entitlements; sourceTree = "<group>"; };
		FADE0000000000000000001A /* ResumePolicy.swift */ = {isa = PBXFileReference; lastKnownFileType = sourcecode.swift; path = ResumePolicy.swift; sourceTree = "<group>"; };
		FADE00000000000000000031 /* ResumePolicyTests.swift */ = {isa = PBXFileReference; lastKnownFileType = sourcecode.swift; path = ResumePolicyTests.swift; sourceTree = "<group>"; };
		FADE00000000000000000033 /* RecentDocumentsStoreTests.swift */ = {isa = PBXFileReference; lastKnownFileType = sourcecode.swift; path = RecentDocumentsStoreTests.swift; sourceTree = "<group>"; };
		FADE00000000000000000034 /* TestDefaults.swift */ = {isa = PBXFileReference; lastKnownFileType = sourcecode.swift; path = TestDefaults.swift; sourceTree = "<group>"; };
		FADE00000000000000000040 /* Front Row Tests.xctest */ = {isa = PBXFileReference; explicitFileType = wrapper.cfbundle; includeInIndex = 0; path = "Front Row Tests.xctest"; sourceTree = BUILT_PRODUCTS_DIR; };
		FADE00000000000000000200 /* BookmarkCanaryTests.swift */ = {isa = PBXFileReference; lastKnownFileType = sourcecode.swift; path = BookmarkCanaryTests.swift; sourceTree = "<group>"; };
		FADE00000000000000000201 /* RecentDocument.swift */ = {isa = PBXFileReference; lastKnownFileType = sourcecode.swift; path = RecentDocument.swift; sourceTree = "<group>"; };
		FADE00000000000000000202 /* PreparedDocument.swift */ = {isa = PBXFileReference; lastKnownFileType = sourcecode.swift; path = PreparedDocument.swift; sourceTree = "<group>"; };
		FADE00000000000000000203 /* ScopedAccess.swift */ = {isa = PBXFileReference; lastKnownFileType = sourcecode.swift; path = ScopedAccess.swift; sourceTree = "<group>"; };
		FADE00000000000000000204 /* BookmarkProviding.swift */ = {isa = PBXFileReference; lastKnownFileType = sourcecode.swift; path = BookmarkProviding.swift; sourceTree = "<group>"; };
		FADE00000000000000000205 /* SecurityScopedBookmarkProvider.swift */ = {isa = PBXFileReference; lastKnownFileType = sourcecode.swift; path = SecurityScopedBookmarkProvider.swift; sourceTree = "<group>"; };
		FADE00000000000000000206 /* FakeBookmarkProvider.swift */ = {isa = PBXFileReference; lastKnownFileType = sourcecode.swift; path = FakeBookmarkProvider.swift; sourceTree = "<group>"; };
		FADE00000000000000000207 /* ScopedAccessTests.swift */ = {isa = PBXFileReference; lastKnownFileType = sourcecode.swift; path = ScopedAccessTests.swift; sourceTree = "<group>"; };
/* End PBXFileReference section */

/* Begin PBXFrameworksBuildPhase section */
		03EA684A2B9630CF003348BE /* Frameworks */ = {
			isa = PBXFrameworksBuildPhase;
			buildActionMask = 2147483647;
			files = (
				03B712272B96C40C00C1F753 /* AVKit.framework in Frameworks */,
				03C112BF2DB56BFF00AE6799 /* Sparkle in Frameworks */,
			);
			runOnlyForDeploymentPostprocessing = 0;
		};
		FADE00000000000000000061 /* Frameworks */ = {
			isa = PBXFrameworksBuildPhase;
			buildActionMask = 2147483647;
			files = (
			);
			runOnlyForDeploymentPostprocessing = 0;
		};
/* End PBXFrameworksBuildPhase section */

/* Begin PBXGroup section */
		0386A120300C2BAD0058EB77 /* Resources */ = {
			isa = PBXGroup;
			children = (
				0386A11E300C28060058EB77 /* AppIcon.icon */,
				0355CA542BA790E5001AF5EA /* Localizable.xcstrings */,
			);
			path = Resources;
			sourceTree = "<group>";
		};
		03B712252B96C40C00C1F753 /* Frameworks */ = {
			isa = PBXGroup;
			children = (
				03B712262B96C40C00C1F753 /* AVKit.framework */,
			);
			name = Frameworks;
			sourceTree = "<group>";
		};
		03EA68442B9630CF003348BE = {
			isa = PBXGroup;
			children = (
				03B712252B96C40C00C1F753 /* Frameworks */,
				03EA684F2B9630CF003348BE /* Front Row */,
				FADE00000000000000000050 /* Front Row Tests */,
				03EA684E2B9630CF003348BE /* Products */,
			);
			sourceTree = "<group>";
		};
		03EA684E2B9630CF003348BE /* Products */ = {
			isa = PBXGroup;
			children = (
				03EA684D2B9630CF003348BE /* Front Row.app */,
				FADE00000000000000000040 /* Front Row Tests.xctest */,
			);
			name = Products;
			sourceTree = "<group>";
		};
		03EA684F2B9630CF003348BE /* Front Row */ = {
			isa = PBXGroup;
			children = (
				03BACB2D2B96C8A800D24F07 /* FrontRowInfo.plist */,
				FADE0000000000000000000B /* FrontRow.entitlements */,
				03EA68502B9630CF003348BE /* FrontRowApp.swift */,
				03EA685F2B965224003348BE /* Main Menu */,
				0386A120300C2BAD0058EB77 /* Resources */,
				03EA686C2B968D86003348BE /* Support */,
				03EA68652B965424003348BE /* Views */,
			);
			path = "Front Row";
			sourceTree = "<group>";
		};
		03EA685F2B965224003348BE /* Main Menu */ = {
			isa = PBXGroup;
			children = (
				03E8F3DC2B9F7B350008CE49 /* AppCommands.swift */,
				03EA68602B96523B003348BE /* FileCommands.swift */,
				03EA686F2B96BAD1003348BE /* ViewCommands.swift */,
				03EA68632B965322003348BE /* PlaybackCommands.swift */,
				03407ADC2BA90F1100FB4323 /* WindowCommands.swift */,
				03D77E942B9AA13700276A45 /* HelpCommands.swift */,
			);
			path = "Main Menu";
			sourceTree = "<group>";
		};
		03EA68652B965424003348BE /* Views */ = {
			isa = PBXGroup;
			children = (
				03EA68522B9630CF003348BE /* ContentView.swift */,
				03EE7B0B2BA9F396009F68C5 /* GoToTimeView.swift */,
				03E78C572BA7D2D40063BF06 /* OpenURLView.swift */,
				03B2590F2BB249310071FF7C /* PlayerControlsView.swift */,
				03B2590D2BB242620071FF7C /* PlayerView.swift */,
				033D45092BB37FCA001AEBAA /* SeekSliderView.swift */,
				FADE00000000000000000007 /* WelcomeView.swift */,
			);
			path = Views;
			sourceTree = "<group>";
		};
		03EA686C2B968D86003348BE /* Support */ = {
			isa = PBXGroup;
			children = (
				FADE00000000000000000204 /* BookmarkProviding.swift */,
				03EA686D2B968D92003348BE /* Extensions.swift */,
				FADE00000000000000000003 /* FileOpening.swift */,
				03DEE9E52DE5600B002E05B9 /* KeyDownListener.swift */,
				03DEE9E22DE54F90002E05B9 /* NowPlayable.swift */,
				032EAF5C2DE9132600D31519 /* NowPlayable+RemoteCommands.swift */,
				03EA68662B9654A0003348BE /* PlayEngine.swift */,
				FADE00000000000000000202 /* PreparedDocument.swift */,
				03EE7B0D2BAA5176009F68C5 /* PresentedViewManager.swift */,
				FADE00000000000000000201 /* RecentDocument.swift */,
				FADE00000000000000000001 /* RecentDocumentsStore.swift */,
				FADE0000000000000000001A /* ResumePolicy.swift */,
				FADE00000000000000000203 /* ScopedAccess.swift */,
				FADE00000000000000000205 /* SecurityScopedBookmarkProvider.swift */,
				FADE00000000000000000005 /* WelcomeWindowCoordinator.swift */,
				032BBB1D2B9FF671003D2FA8 /* WindowController.swift */,
			);
			path = Support;
			sourceTree = "<group>";
		};
		FADE00000000000000000050 /* Front Row Tests */ = {
			isa = PBXGroup;
			children = (
				FADE00000000000000000200 /* BookmarkCanaryTests.swift */,
				FADE00000000000000000206 /* FakeBookmarkProvider.swift */,
				FADE00000000000000000033 /* RecentDocumentsStoreTests.swift */,
				FADE00000000000000000031 /* ResumePolicyTests.swift */,
				FADE00000000000000000207 /* ScopedAccessTests.swift */,
				FADE00000000000000000034 /* TestDefaults.swift */,
			);
			path = "Front Row Tests";
			sourceTree = "<group>";
		};
/* End PBXGroup section */

/* Begin PBXNativeTarget section */
		03EA684C2B9630CF003348BE /* Front Row */ = {
			isa = PBXNativeTarget;
			buildConfigurationList = 03EA685C2B9630D0003348BE /* Build configuration list for PBXNativeTarget "Front Row" */;
			buildPhases = (
				0328BCEA2BA12090004B5AE0 /* ShellScript */,
				03EA68492B9630CF003348BE /* Sources */,
				03EA684A2B9630CF003348BE /* Frameworks */,
				03EA684B2B9630CF003348BE /* Resources */,
			);
			buildRules = (
			);
			dependencies = (
			);
			name = "Front Row";
			packageProductDependencies = (
				03C112BE2DB56BFF00AE6799 /* Sparkle */,
			);
			productName = "Front Row";
			productReference = 03EA684D2B9630CF003348BE /* Front Row.app */;
			productType = "com.apple.product-type.application";
		};
		FADE00000000000000000070 /* Front Row Tests */ = {
			isa = PBXNativeTarget;
			buildConfigurationList = FADE000000000000000000A0 /* Build configuration list for PBXNativeTarget "Front Row Tests" */;
			buildPhases = (
				FADE00000000000000000060 /* Sources */,
				FADE00000000000000000061 /* Frameworks */,
			);
			buildRules = (
			);
			dependencies = (
				FADE00000000000000000080 /* PBXTargetDependency */,
			);
			name = "Front Row Tests";
			productName = "Front Row Tests";
			productReference = FADE00000000000000000040 /* Front Row Tests.xctest */;
			productType = "com.apple.product-type.bundle.unit-test";
		};
/* End PBXNativeTarget section */

/* Begin PBXProject section */
		03EA68452B9630CF003348BE /* Project object */ = {
			isa = PBXProject;
			attributes = {
				BuildIndependentTargetsInParallel = 1;
				LastSwiftUpdateCheck = 1520;
				LastUpgradeCheck = 2630;
				TargetAttributes = {
					03EA684C2B9630CF003348BE = {
						CreatedOnToolsVersion = 15.2;
					};
					FADE00000000000000000070 = {
						TestTargetID = 03EA684C2B9630CF003348BE;
					};
				};
			};
			buildConfigurationList = 03EA68482B9630CF003348BE /* Build configuration list for PBXProject "Front Row" */;
			compatibilityVersion = "Xcode 14.0";
			developmentRegion = en;
			hasScannedForEncodings = 0;
			knownRegions = (
				en,
				Base,
				ar,
				"zh-Hans",
				"zh-Hant",
				cs,
				da,
				nl,
				fi,
				fr,
				de,
				el,
				he,
				hu,
				it,
				ja,
				ko,
				pl,
				ro,
				ru,
				es,
				sv,
				tr,
				uk,
				vi,
			);
			mainGroup = 03EA68442B9630CF003348BE;
			packageReferences = (
				03C112BD2DB56BFF00AE6799 /* XCRemoteSwiftPackageReference "Sparkle" */,
			);
			productRefGroup = 03EA684E2B9630CF003348BE /* Products */;
			projectDirPath = "";
			projectRoot = "";
			targets = (
				03EA684C2B9630CF003348BE /* Front Row */,
				FADE00000000000000000070 /* Front Row Tests */,
			);
		};
/* End PBXProject section */

/* Begin PBXResourcesBuildPhase section */
		03EA684B2B9630CF003348BE /* Resources */ = {
			isa = PBXResourcesBuildPhase;
			buildActionMask = 2147483647;
			files = (
				0386A11F300C28060058EB77 /* AppIcon.icon in Resources */,
				0355CA552BA790E5001AF5EA /* Localizable.xcstrings in Resources */,
			);
			runOnlyForDeploymentPostprocessing = 0;
		};
/* End PBXResourcesBuildPhase section */

/* Begin PBXShellScriptBuildPhase section */
		0328BCEA2BA12090004B5AE0 /* ShellScript */ = {
			isa = PBXShellScriptBuildPhase;
			alwaysOutOfDate = 1;
			buildActionMask = 2147483647;
			files = (
			);
			inputFileListPaths = (
			);
			inputPaths = (
			);
			outputFileListPaths = (
			);
			outputPaths = (
			);
			runOnlyForDeploymentPostprocessing = 0;
			shellPath = /bin/sh;
			shellScript = "export PATH=\"$PATH:/opt/homebrew/bin\"\nif which swift-format > /dev/null; then\n  swift-format lint -s -p -r ./\nelse\n  echo \"warning: swift-format not installed, download from https://github.com/apple/swift-format\"\nfi\n";
		};
/* End PBXShellScriptBuildPhase section */

/* Begin PBXSourcesBuildPhase section */
		03EA68492B9630CF003348BE /* Sources */ = {
			isa = PBXSourcesBuildPhase;
			buildActionMask = 2147483647;
			files = (
				FADE00000000000000000305 /* SecurityScopedBookmarkProvider.swift in Sources */,
				FADE00000000000000000304 /* BookmarkProviding.swift in Sources */,
				FADE00000000000000000303 /* ScopedAccess.swift in Sources */,
				FADE00000000000000000302 /* PreparedDocument.swift in Sources */,
				FADE00000000000000000301 /* RecentDocument.swift in Sources */,
				03E78C582BA7D2D40063BF06 /* OpenURLView.swift in Sources */,
				03DEE9E62DE5600F002E05B9 /* KeyDownListener.swift in Sources */,
				033D450A2BB37FCA001AEBAA /* SeekSliderView.swift in Sources */,
				03B259102BB249310071FF7C /* PlayerControlsView.swift in Sources */,
				032EAF5D2DE9132600D31519 /* NowPlayable+RemoteCommands.swift in Sources */,
				03407ADD2BA90F1100FB4323 /* WindowCommands.swift in Sources */,
				03EA68532B9630CF003348BE /* ContentView.swift in Sources */,
				03B2590E2BB242620071FF7C /* PlayerView.swift in Sources */,
				03EA68612B96523B003348BE /* FileCommands.swift in Sources */,
				03E8F3DD2B9F7B350008CE49 /* AppCommands.swift in Sources */,
				03EA68702B96BAD1003348BE /* ViewCommands.swift in Sources */,
				03EE7B0E2BAA5176009F68C5 /* PresentedViewManager.swift in Sources */,
				03EE7B0C2BA9F396009F68C5 /* GoToTimeView.swift in Sources */,
				03D77E952B9AA13700276A45 /* HelpCommands.swift in Sources */,
				03DEE9E32DE54F93002E05B9 /* NowPlayable.swift in Sources */,
				03EA68672B9654A0003348BE /* PlayEngine.swift in Sources */,
				03EA68642B965322003348BE /* PlaybackCommands.swift in Sources */,
				03EA68512B9630CF003348BE /* FrontRowApp.swift in Sources */,
				03EA686E2B968D92003348BE /* Extensions.swift in Sources */,
				032BBB1E2B9FF671003D2FA8 /* WindowController.swift in Sources */,
				FADE00000000000000000002 /* RecentDocumentsStore.swift in Sources */,
				FADE00000000000000000004 /* FileOpening.swift in Sources */,
				FADE00000000000000000006 /* WelcomeWindowCoordinator.swift in Sources */,
				FADE00000000000000000008 /* WelcomeView.swift in Sources */,
				FADE0000000000000000001B /* ResumePolicy.swift in Sources */,
			);
			runOnlyForDeploymentPostprocessing = 0;
		};
		FADE00000000000000000060 /* Sources */ = {
			isa = PBXSourcesBuildPhase;
			buildActionMask = 2147483647;
			files = (
				FADE00000000000000000307 /* ScopedAccessTests.swift in Sources */,
				FADE00000000000000000306 /* FakeBookmarkProvider.swift in Sources */,
				FADE00000000000000000300 /* BookmarkCanaryTests.swift in Sources */,
				FADE00000000000000000021 /* ResumePolicyTests.swift in Sources */,
				FADE00000000000000000023 /* RecentDocumentsStoreTests.swift in Sources */,
				FADE00000000000000000024 /* TestDefaults.swift in Sources */,
			);
			runOnlyForDeploymentPostprocessing = 0;
		};
/* End PBXSourcesBuildPhase section */

/* Begin PBXTargetDependency section */
		FADE00000000000000000080 /* PBXTargetDependency */ = {
			isa = PBXTargetDependency;
			target = 03EA684C2B9630CF003348BE /* Front Row */;
			targetProxy = FADE00000000000000000081 /* PBXContainerItemProxy */;
		};
/* End PBXTargetDependency section */

/* Begin XCBuildConfiguration section */
		03EA685A2B9630D0003348BE /* Debug */ = {
			isa = XCBuildConfiguration;
			buildSettings = {
				ARCHS = arm64;
				ASSETCATALOG_COMPILER_GENERATE_SWIFT_ASSET_SYMBOL_EXTENSIONS = YES;
				CLANG_ANALYZER_LOCALIZABILITY_NONLOCALIZED = YES;
				CLANG_ANALYZER_NONNULL = YES;
				CLANG_ANALYZER_NUMBER_OBJECT_CONVERSION = YES_AGGRESSIVE;
				CLANG_CXX_LANGUAGE_STANDARD = "gnu++20";
				CLANG_ENABLE_MODULES = YES;
				CLANG_ENABLE_OBJC_ARC = YES;
				CLANG_ENABLE_OBJC_WEAK = YES;
				CLANG_WARN_BLOCK_CAPTURE_AUTORELEASING = YES;
				CLANG_WARN_BOOL_CONVERSION = YES;
				CLANG_WARN_COMMA = YES;
				CLANG_WARN_CONSTANT_CONVERSION = YES;
				CLANG_WARN_DEPRECATED_OBJC_IMPLEMENTATIONS = YES;
				CLANG_WARN_DIRECT_OBJC_ISA_USAGE = YES_ERROR;
				CLANG_WARN_DOCUMENTATION_COMMENTS = YES;
				CLANG_WARN_EMPTY_BODY = YES;
				CLANG_WARN_ENUM_CONVERSION = YES;
				CLANG_WARN_INFINITE_RECURSION = YES;
				CLANG_WARN_INT_CONVERSION = YES;
				CLANG_WARN_NON_LITERAL_NULL_CONVERSION = YES;
				CLANG_WARN_OBJC_IMPLICIT_RETAIN_SELF = YES;
				CLANG_WARN_OBJC_LITERAL_CONVERSION = YES;
				CLANG_WARN_OBJC_ROOT_CLASS = YES_ERROR;
				CLANG_WARN_QUOTED_INCLUDE_IN_FRAMEWORK_HEADER = YES;
				CLANG_WARN_RANGE_LOOP_ANALYSIS = YES;
				CLANG_WARN_STRICT_PROTOTYPES = YES;
				CLANG_WARN_SUSPICIOUS_MOVE = YES;
				CLANG_WARN_UNGUARDED_AVAILABILITY = YES_AGGRESSIVE;
				CLANG_WARN_UNREACHABLE_CODE = YES;
				CLANG_WARN__DUPLICATE_METHOD_MATCH = YES;
				COPY_PHASE_STRIP = NO;
				DEAD_CODE_STRIPPING = YES;
				DEBUG_INFORMATION_FORMAT = dwarf;
				DEVELOPMENT_TEAM = TCQ6328PP6;
				ENABLE_STRICT_OBJC_MSGSEND = YES;
				ENABLE_TESTABILITY = YES;
				GCC_C_LANGUAGE_STANDARD = gnu17;
				GCC_DYNAMIC_NO_PIC = NO;
				GCC_NO_COMMON_BLOCKS = YES;
				GCC_OPTIMIZATION_LEVEL = 0;
				GCC_PREPROCESSOR_DEFINITIONS = (
					"DEBUG=1",
					"$(inherited)",
				);
				GCC_WARN_64_TO_32_BIT_CONVERSION = YES;
				GCC_WARN_ABOUT_RETURN_TYPE = YES_ERROR;
				GCC_WARN_UNDECLARED_SELECTOR = YES;
				GCC_WARN_UNINITIALIZED_AUTOS = YES_AGGRESSIVE;
				GCC_WARN_UNUSED_FUNCTION = YES;
				GCC_WARN_UNUSED_VARIABLE = YES;
				LOCALIZATION_PREFERS_STRING_CATALOGS = YES;
				MACOSX_DEPLOYMENT_TARGET = 15.6;
				MTL_ENABLE_DEBUG_INFO = INCLUDE_SOURCE;
				MTL_FAST_MATH = YES;
				ONLY_ACTIVE_ARCH = YES;
				SDKROOT = macosx;
				STRING_CATALOG_GENERATE_SYMBOLS = YES;
				SWIFT_ACTIVE_COMPILATION_CONDITIONS = "DEBUG $(inherited)";
				SWIFT_OPTIMIZATION_LEVEL = "-Onone";
				SWIFT_VERSION = 6.0;
			};
			name = Debug;
		};
		03EA685B2B9630D0003348BE /* Release */ = {
			isa = XCBuildConfiguration;
			buildSettings = {
				ARCHS = arm64;
				ASSETCATALOG_COMPILER_GENERATE_SWIFT_ASSET_SYMBOL_EXTENSIONS = YES;
				CLANG_ANALYZER_LOCALIZABILITY_NONLOCALIZED = YES;
				CLANG_ANALYZER_NONNULL = YES;
				CLANG_ANALYZER_NUMBER_OBJECT_CONVERSION = YES_AGGRESSIVE;
				CLANG_CXX_LANGUAGE_STANDARD = "gnu++20";
				CLANG_ENABLE_MODULES = YES;
				CLANG_ENABLE_OBJC_ARC = YES;
				CLANG_ENABLE_OBJC_WEAK = YES;
				CLANG_WARN_BLOCK_CAPTURE_AUTORELEASING = YES;
				CLANG_WARN_BOOL_CONVERSION = YES;
				CLANG_WARN_COMMA = YES;
				CLANG_WARN_CONSTANT_CONVERSION = YES;
				CLANG_WARN_DEPRECATED_OBJC_IMPLEMENTATIONS = YES;
				CLANG_WARN_DIRECT_OBJC_ISA_USAGE = YES_ERROR;
				CLANG_WARN_DOCUMENTATION_COMMENTS = YES;
				CLANG_WARN_EMPTY_BODY = YES;
				CLANG_WARN_ENUM_CONVERSION = YES;
				CLANG_WARN_INFINITE_RECURSION = YES;
				CLANG_WARN_INT_CONVERSION = YES;
				CLANG_WARN_NON_LITERAL_NULL_CONVERSION = YES;
				CLANG_WARN_OBJC_IMPLICIT_RETAIN_SELF = YES;
				CLANG_WARN_OBJC_LITERAL_CONVERSION = YES;
				CLANG_WARN_OBJC_ROOT_CLASS = YES_ERROR;
				CLANG_WARN_QUOTED_INCLUDE_IN_FRAMEWORK_HEADER = YES;
				CLANG_WARN_RANGE_LOOP_ANALYSIS = YES;
				CLANG_WARN_STRICT_PROTOTYPES = YES;
				CLANG_WARN_SUSPICIOUS_MOVE = YES;
				CLANG_WARN_UNGUARDED_AVAILABILITY = YES_AGGRESSIVE;
				CLANG_WARN_UNREACHABLE_CODE = YES;
				CLANG_WARN__DUPLICATE_METHOD_MATCH = YES;
				COPY_PHASE_STRIP = NO;
				DEAD_CODE_STRIPPING = YES;
				DEBUG_INFORMATION_FORMAT = "dwarf-with-dsym";
				DEVELOPMENT_TEAM = TCQ6328PP6;
				ENABLE_NS_ASSERTIONS = NO;
				ENABLE_STRICT_OBJC_MSGSEND = YES;
				GCC_C_LANGUAGE_STANDARD = gnu17;
				GCC_NO_COMMON_BLOCKS = YES;
				GCC_WARN_64_TO_32_BIT_CONVERSION = YES;
				GCC_WARN_ABOUT_RETURN_TYPE = YES_ERROR;
				GCC_WARN_UNDECLARED_SELECTOR = YES;
				GCC_WARN_UNINITIALIZED_AUTOS = YES_AGGRESSIVE;
				GCC_WARN_UNUSED_FUNCTION = YES;
				GCC_WARN_UNUSED_VARIABLE = YES;
				LOCALIZATION_PREFERS_STRING_CATALOGS = YES;
				MACOSX_DEPLOYMENT_TARGET = 15.6;
				MTL_ENABLE_DEBUG_INFO = NO;
				MTL_FAST_MATH = YES;
				SDKROOT = macosx;
				STRING_CATALOG_GENERATE_SYMBOLS = YES;
				SWIFT_COMPILATION_MODE = wholemodule;
				SWIFT_VERSION = 6.0;
			};
			name = Release;
		};
		03EA685D2B9630D0003348BE /* Debug */ = {
			isa = XCBuildConfiguration;
			buildSettings = {
				ASSETCATALOG_COMPILER_APPICON_NAME = AppIcon;
				CODE_SIGN_ENTITLEMENTS = "Front Row/FrontRow.entitlements";
				CODE_SIGN_STYLE = Automatic;
				COMBINE_HIDPI_IMAGES = YES;
				CURRENT_PROJECT_VERSION = 22;
				ENABLE_APP_SANDBOX = YES;
				ENABLE_HARDENED_RUNTIME = YES;
				ENABLE_OUTGOING_NETWORK_CONNECTIONS = YES;
				ENABLE_PREVIEWS = YES;
				ENABLE_USER_SELECTED_FILES = readonly;
				GENERATE_INFOPLIST_FILE = YES;
				INFOPLIST_FILE = FrontRowInfo.plist;
				INFOPLIST_KEY_LSApplicationCategoryType = "public.app-category.video";
				INFOPLIST_KEY_NSHumanReadableCopyright = "By Joshua Park";
				LD_RUNPATH_SEARCH_PATHS = (
					"$(inherited)",
					"@executable_path/../Frameworks",
				);
				MARKETING_VERSION = 2.9.1;
				PRODUCT_BUNDLE_IDENTIFIER = dev.joshuapark.FrontRow;
				PRODUCT_NAME = "$(TARGET_NAME)";
				SWIFT_EMIT_LOC_STRINGS = YES;
			};
			name = Debug;
		};
		03EA685E2B9630D0003348BE /* Release */ = {
			isa = XCBuildConfiguration;
			buildSettings = {
				ASSETCATALOG_COMPILER_APPICON_NAME = AppIcon;
				CODE_SIGN_ENTITLEMENTS = "Front Row/FrontRow.entitlements";
				CODE_SIGN_STYLE = Automatic;
				COMBINE_HIDPI_IMAGES = YES;
				CURRENT_PROJECT_VERSION = 22;
				ENABLE_APP_SANDBOX = YES;
				ENABLE_HARDENED_RUNTIME = YES;
				ENABLE_OUTGOING_NETWORK_CONNECTIONS = YES;
				ENABLE_PREVIEWS = YES;
				ENABLE_USER_SELECTED_FILES = readonly;
				GENERATE_INFOPLIST_FILE = YES;
				INFOPLIST_FILE = FrontRowInfo.plist;
				INFOPLIST_KEY_LSApplicationCategoryType = "public.app-category.video";
				INFOPLIST_KEY_NSHumanReadableCopyright = "By Joshua Park";
				LD_RUNPATH_SEARCH_PATHS = (
					"$(inherited)",
					"@executable_path/../Frameworks",
				);
				MARKETING_VERSION = 2.9.1;
				PRODUCT_BUNDLE_IDENTIFIER = dev.joshuapark.FrontRow;
				PRODUCT_NAME = "$(TARGET_NAME)";
				SWIFT_EMIT_LOC_STRINGS = YES;
			};
			name = Release;
		};
		FADE00000000000000000090 /* Debug */ = {
			isa = XCBuildConfiguration;
			buildSettings = {
				ALWAYS_EMBED_SWIFT_STANDARD_LIBRARIES = YES;
				BUNDLE_LOADER = "$(TEST_HOST)";
				CODE_SIGN_STYLE = Automatic;
				GENERATE_INFOPLIST_FILE = YES;
				PRODUCT_BUNDLE_IDENTIFIER = dev.joshuapark.FrontRowTests;
				PRODUCT_NAME = "$(TARGET_NAME)";
				SWIFT_EMIT_LOC_STRINGS = NO;
				TEST_HOST = "$(BUILT_PRODUCTS_DIR)/Front Row.app/Contents/MacOS/Front Row";
			};
			name = Debug;
		};
		FADE00000000000000000091 /* Release */ = {
			isa = XCBuildConfiguration;
			buildSettings = {
				ALWAYS_EMBED_SWIFT_STANDARD_LIBRARIES = YES;
				BUNDLE_LOADER = "$(TEST_HOST)";
				CODE_SIGN_STYLE = Automatic;
				GENERATE_INFOPLIST_FILE = YES;
				PRODUCT_BUNDLE_IDENTIFIER = dev.joshuapark.FrontRowTests;
				PRODUCT_NAME = "$(TARGET_NAME)";
				SWIFT_EMIT_LOC_STRINGS = NO;
				TEST_HOST = "$(BUILT_PRODUCTS_DIR)/Front Row.app/Contents/MacOS/Front Row";
			};
			name = Release;
		};
/* End XCBuildConfiguration section */

/* Begin XCConfigurationList section */
		03EA68482B9630CF003348BE /* Build configuration list for PBXProject "Front Row" */ = {
			isa = XCConfigurationList;
			buildConfigurations = (
				03EA685A2B9630D0003348BE /* Debug */,
				03EA685B2B9630D0003348BE /* Release */,
			);
			defaultConfigurationIsVisible = 0;
			defaultConfigurationName = Release;
		};
		03EA685C2B9630D0003348BE /* Build configuration list for PBXNativeTarget "Front Row" */ = {
			isa = XCConfigurationList;
			buildConfigurations = (
				03EA685D2B9630D0003348BE /* Debug */,
				03EA685E2B9630D0003348BE /* Release */,
			);
			defaultConfigurationIsVisible = 0;
			defaultConfigurationName = Release;
		};
		FADE000000000000000000A0 /* Build configuration list for PBXNativeTarget "Front Row Tests" */ = {
			isa = XCConfigurationList;
			buildConfigurations = (
				FADE00000000000000000090 /* Debug */,
				FADE00000000000000000091 /* Release */,
			);
			defaultConfigurationIsVisible = 0;
			defaultConfigurationName = Release;
		};
/* End XCConfigurationList section */

/* Begin XCRemoteSwiftPackageReference section */
		03C112BD2DB56BFF00AE6799 /* XCRemoteSwiftPackageReference "Sparkle" */ = {
			isa = XCRemoteSwiftPackageReference;
			repositoryURL = "https://github.com/sparkle-project/Sparkle";
			requirement = {
				kind = upToNextMajorVersion;
				minimumVersion = 2.9.4;
			};
		};
/* End XCRemoteSwiftPackageReference section */

/* Begin XCSwiftPackageProductDependency section */
		03C112BE2DB56BFF00AE6799 /* Sparkle */ = {
			isa = XCSwiftPackageProductDependency;
			package = 03C112BD2DB56BFF00AE6799 /* XCRemoteSwiftPackageReference "Sparkle" */;
			productName = Sparkle;
		};
/* End XCSwiftPackageProductDependency section */
	};
	rootObject = 03EA68452B9630CF003348BE /* Project object */;
}
